
Microsoft Visual Studio Solution File, Format Version 12.00
# Visual Studio Version 17
VisualStudioVersion = 17.1.32328.378
MinimumVisualStudioVersion = 10.0.40219.1
Project("{9A19103F-16F7-4668-BE54-9A1E7A4F7556}") = "ProjetoUbiqua", "ProjetoUbiqua\ProjetoUbiqua.csproj", "{62C10752-66DE-49DA-828F-D1C718703E96}"
EndProject
Project("{9A19103F-16F7-4668-BE54-9A1E7A4F7556}") = "ProjectoUbiquaNUnitTest", "ProjectoUbiquaNUnitTest\ProjectoUbiquaNUnitTest.csproj", "{6CD5C5E6-0F04-4897-B5C1-82F457145801}"
EndProject
Global
	GlobalSection(SolutionConfigurationPlatforms) = preSolution
		Debug|Any CPU = Debug|Any CPU
		Release|Any CPU = Release|Any CPU
	EndGlobalSection
	GlobalSection(ProjectConfigurationPlatforms) = postSolution
		{62C10752-66DE-49DA-828F-D1C718703E96}.Debug|Any CPU.ActiveCfg = Debug|Any CPU
		{62C10752-66DE-49DA-828F-D1C718703E96}.Debug|Any CPU.Build.0 = Debug|Any CPU
		{62C10752-66DE-49DA-828F-D1C718703E96}.Release|Any CPU.ActiveCfg = Release|Any CPU
		{62C10752-66DE-49DA-828F-D1C718703E96}.Release|Any CPU.Build.0 = Release|Any CPU
		{6CD5C5E6-0F04-4897-B5C1-82F457145801}.Debug|Any CPU.ActiveCfg = Debug|Any CPU
		{6CD5C5E6-0F04-4897-B5C1-82F457145801}.Debug|Any CPU.Build.0 = Debug|Any CPU
		{6CD5C5E6-0F04-4897-B5C1-82F457145801}.Release|Any CPU.ActiveCfg = Release|Any CPU
		{6CD5C5E6-0F04-4897-B5C1-82F457145801}.Release|Any CPU.Build.0 = Release|Any CPU
	EndGlobalSection
	GlobalSection(SolutionProperties) = preSolution
		HideSolutionNode = FALSE
	EndGlobalSection
	GlobalSection(ExtensibilityGlobals) = postSolution
		SolutionGuid = {F157000D-7FE9-4488-9187-A4D8DF1491E5}
	EndGlobalSection
EndGlobal
